
Microsoft Visual Studio Solution File, Format Version 12.00
# Visual Studio 15
VisualStudioVersion = 15.0.27703.2035
MinimumVisualStudioVersion = 10.0.40219.1
Project("{FAE04EC0-301F-11D3-BF4B-00C04F79EFBC}") = "CTRSv3", "CTRSv3\CTRSv3.csproj", "{28B7CD7C-6C9D-48EC-95AC-E4FDDB308AB5}"
EndProject
Global
	GlobalSection(SolutionConfigurationPlatforms) = preSolution
		Debug|Any CPU = Debug|Any CPU
		Release|Any CPU = Release|Any CPU
	EndGlobalSection
	GlobalSection(ProjectConfigurationPlatforms) = postSolution
		{28B7CD7C-6C9D-48EC-95AC-E4FDDB308AB5}.Debug|Any CPU.ActiveCfg = Debug|Any CPU
		{28B7CD7C-6C9D-48EC-95AC-E4FDDB308AB5}.Debug|Any CPU.Build.0 = Debug|Any CPU
		{28B7CD7C-6C9D-48EC-95AC-E4FDDB308AB5}.Release|Any CPU.ActiveCfg = Release|Any CPU
		{28B7CD7C-6C9D-48EC-95AC-E4FDDB308AB5}.Release|Any CPU.Build.0 = Release|Any CPU
	EndGlobalSection
	GlobalSection(SolutionProperties) = preSolution
		HideSolutionNode = FALSE
	EndGlobalSection
	GlobalSection(ExtensibilityGlobals) = postSolution
		SolutionGuid = {EC83BAAC-4025-423A-9455-06992208F261}
	EndGlobalSection
EndGlobal
